
Microsoft Visual Studio Solution File, Format Version 12.00
# Visual Studio 14
VisualStudioVersion = 14.0.25420.1
MinimumVisualStudioVersion = 10.0.40219.1
Project("{2150E333-8FDC-42A3-9474-1A3956D46DE8}") = "1. Model", "1. Model", "{176A27AB-77F7-4672-8B86-29971F02335B}"
EndProject
Project("{2150E333-8FDC-42A3-9474-1A3956D46DE8}") = "3. Data", "3. Data", "{AD4604FB-4E58-4874-B25A-416033C86CEB}"
EndProject
Project("{2150E333-8FDC-42A3-9474-1A3956D46DE8}") = "4. View", "4. View", "{113CE2DC-BA9E-4898-8F45-3AEE1287444F}"
EndProject
Project("{FAE04EC0-301F-11D3-BF4B-00C04F79EFBC}") = "IB.DC.Model", "IB.DC.Model\IB.DC.Model.csproj", "{8C97F38D-33B0-4B52-9510-4C12A2E6D546}"
EndProject
Project("{FAE04EC0-301F-11D3-BF4B-00C04F79EFBC}") = "IB.DC.Data", "IB.DC.Data\IB.DC.Data.csproj", "{37C03A9A-472E-4E7E-9ECA-D10375474308}"
EndProject
Project("{FAE04EC0-301F-11D3-BF4B-00C04F79EFBC}") = "IB.DC.Service", "IB.DC.Service\IB.DC.Service.csproj", "{3A334C5C-6DF1-4A39-85AF-26AC8E6D99B4}"
EndProject
Project("{FAE04EC0-301F-11D3-BF4B-00C04F79EFBC}") = "IB.DC.Teste", "IB.DC.Teste\IB.DC.Teste.csproj", "{E8B1FCB0-86F3-4098-885B-C6E893A65062}"
EndProject
Project("{2150E333-8FDC-42A3-9474-1A3956D46DE8}") = "2. Business", "2. Business", "{F3E5BD74-EDE8-41D5-9D88-0B03EA10514B}"
EndProject
Project("{FAE04EC0-301F-11D3-BF4B-00C04F79EFBC}") = "IB.DC.Business", "IB.DC.Business\IB.DC.Business.csproj", "{B6C5F5A5-94BA-4AE8-9BE4-745E76E6620A}"
EndProject
Project("{FAE04EC0-301F-11D3-BF4B-00C04F79EFBC}") = "IB.DC.Reports", "IB.DC.Reports\IB.DC.Reports.csproj", "{A16472FE-E46D-4CC5-8F55-C9900472270C}"
EndProject
Project("{2150E333-8FDC-42A3-9474-1A3956D46DE8}") = "Setup", "Setup", "{59ADE324-53B1-44BD-8FFC-DD9B8E7679FB}"
EndProject
Project("{54435603-DBB4-11D2-8724-00A0C9A8B90C}") = "SetupServices", "SetupServices\SetupServices.vdproj", "{1122A4D3-F5D4-425B-97CB-47AB31462E28}"
EndProject
Global
	GlobalSection(SolutionConfigurationPlatforms) = preSolution
		Debug|Any CPU = Debug|Any CPU
		Release|Any CPU = Release|Any CPU
	EndGlobalSection
	GlobalSection(ProjectConfigurationPlatforms) = postSolution
		{8C97F38D-33B0-4B52-9510-4C12A2E6D546}.Debug|Any CPU.ActiveCfg = Debug|Any CPU
		{8C97F38D-33B0-4B52-9510-4C12A2E6D546}.Debug|Any CPU.Build.0 = Debug|Any CPU
		{8C97F38D-33B0-4B52-9510-4C12A2E6D546}.Release|Any CPU.ActiveCfg = Release|Any CPU
		{8C97F38D-33B0-4B52-9510-4C12A2E6D546}.Release|Any CPU.Build.0 = Release|Any CPU
		{37C03A9A-472E-4E7E-9ECA-D10375474308}.Debug|Any CPU.ActiveCfg = Debug|Any CPU
		{37C03A9A-472E-4E7E-9ECA-D10375474308}.Debug|Any CPU.Build.0 = Debug|Any CPU
		{37C03A9A-472E-4E7E-9ECA-D10375474308}.Release|Any CPU.ActiveCfg = Release|Any CPU
		{37C03A9A-472E-4E7E-9ECA-D10375474308}.Release|Any CPU.Build.0 = Release|Any CPU
		{3A334C5C-6DF1-4A39-85AF-26AC8E6D99B4}.Debug|Any CPU.ActiveCfg = Debug|Any CPU
		{3A334C5C-6DF1-4A39-85AF-26AC8E6D99B4}.Debug|Any CPU.Build.0 = Debug|Any CPU
		{3A334C5C-6DF1-4A39-85AF-26AC8E6D99B4}.Release|Any CPU.ActiveCfg = Release|Any CPU
		{3A334C5C-6DF1-4A39-85AF-26AC8E6D99B4}.Release|Any CPU.Build.0 = Release|Any CPU
		{E8B1FCB0-86F3-4098-885B-C6E893A65062}.Debug|Any CPU.ActiveCfg = Debug|Any CPU
		{E8B1FCB0-86F3-4098-885B-C6E893A65062}.Debug|Any CPU.Build.0 = Debug|Any CPU
		{E8B1FCB0-86F3-4098-885B-C6E893A65062}.Release|Any CPU.ActiveCfg = Release|Any CPU
		{E8B1FCB0-86F3-4098-885B-C6E893A65062}.Release|Any CPU.Build.0 = Release|Any CPU
		{B6C5F5A5-94BA-4AE8-9BE4-745E76E6620A}.Debug|Any CPU.ActiveCfg = Debug|Any CPU
		{B6C5F5A5-94BA-4AE8-9BE4-745E76E6620A}.Debug|Any CPU.Build.0 = Debug|Any CPU
		{B6C5F5A5-94BA-4AE8-9BE4-745E76E6620A}.Release|Any CPU.ActiveCfg = Release|Any CPU
		{B6C5F5A5-94BA-4AE8-9BE4-745E76E6620A}.Release|Any CPU.Build.0 = Release|Any CPU
		{A16472FE-E46D-4CC5-8F55-C9900472270C}.Debug|Any CPU.ActiveCfg = Debug|Any CPU
		{A16472FE-E46D-4CC5-8F55-C9900472270C}.Debug|Any CPU.Build.0 = Debug|Any CPU
		{A16472FE-E46D-4CC5-8F55-C9900472270C}.Release|Any CPU.ActiveCfg = Release|Any CPU
		{A16472FE-E46D-4CC5-8F55-C9900472270C}.Release|Any CPU.Build.0 = Release|Any CPU
		{1122A4D3-F5D4-425B-97CB-47AB31462E28}.Debug|Any CPU.ActiveCfg = Debug
		{1122A4D3-F5D4-425B-97CB-47AB31462E28}.Debug|Any CPU.Build.0 = Debug
		{1122A4D3-F5D4-425B-97CB-47AB31462E28}.Release|Any CPU.ActiveCfg = Release
	EndGlobalSection
	GlobalSection(SolutionProperties) = preSolution
		HideSolutionNode = FALSE
	EndGlobalSection
	GlobalSection(NestedProjects) = preSolution
		{8C97F38D-33B0-4B52-9510-4C12A2E6D546} = {176A27AB-77F7-4672-8B86-29971F02335B}
		{37C03A9A-472E-4E7E-9ECA-D10375474308} = {AD4604FB-4E58-4874-B25A-416033C86CEB}
		{3A334C5C-6DF1-4A39-85AF-26AC8E6D99B4} = {113CE2DC-BA9E-4898-8F45-3AEE1287444F}
		{E8B1FCB0-86F3-4098-885B-C6E893A65062} = {113CE2DC-BA9E-4898-8F45-3AEE1287444F}
		{B6C5F5A5-94BA-4AE8-9BE4-745E76E6620A} = {F3E5BD74-EDE8-41D5-9D88-0B03EA10514B}
		{A16472FE-E46D-4CC5-8F55-C9900472270C} = {113CE2DC-BA9E-4898-8F45-3AEE1287444F}
		{1122A4D3-F5D4-425B-97CB-47AB31462E28} = {59ADE324-53B1-44BD-8FFC-DD9B8E7679FB}
	EndGlobalSection
EndGlobal
